
Microsoft Visual Studio Solution File, Format Version 12.00
# Visual Studio Version 17
VisualStudioVersion = 17.6.33829.357
MinimumVisualStudioVersion = 10.0.40219.1
Project("{FAE04EC0-301F-11D3-BF4B-00C04F79EFBC}") = "DemoApp", "DemoApp.csproj", "{5F08FC0F-E0BD-44BF-803A-05FF6749EE36}"
EndProject
Global
	GlobalSection(SolutionConfigurationPlatforms) = preSolution
		Debug|Any CPU = Debug|Any CPU
		Release|Any CPU = Release|Any CPU
	EndGlobalSection
	GlobalSection(ProjectConfigurationPlatforms) = postSolution
		{5F08FC0F-E0BD-44BF-803A-05FF6749EE36}.Debug|Any CPU.ActiveCfg = Debug|Any CPU
		{5F08FC0F-E0BD-44BF-803A-05FF6749EE36}.Debug|Any CPU.Build.0 = Debug|Any CPU
		{5F08FC0F-E0BD-44BF-803A-05FF6749EE36}.Release|Any CPU.ActiveCfg = Release|Any CPU
		{5F08FC0F-E0BD-44BF-803A-05FF6749EE36}.Release|Any CPU.Build.0 = Release|Any CPU
	EndGlobalSection
	GlobalSection(SolutionProperties) = preSolution
		HideSolutionNode = FALSE
	EndGlobalSection
	GlobalSection(ExtensibilityGlobals) = postSolution
		SolutionGuid = {D51115A9-EB4D-4DFE-ADD6-34CEA31D478A}
	EndGlobalSection
EndGlobal
